
Microsoft Visual Studio Solution File, Format Version 12.00
# Visual Studio 15
VisualStudioVersion = 15.0.28307.1433
MinimumVisualStudioVersion = 10.0.40219.1
Project("{8BC9CEB8-8B4A-11D0-8D11-00A0C91BC942}") = "C_4_12", "C_4_12\C_4_12.vcxproj", "{BB3013C0-4426-496B-B9A1-9AAA45126D9F}"
EndProject
Global
	GlobalSection(SolutionConfigurationPlatforms) = preSolution
		Debug|x64 = Debug|x64
		Debug|x86 = Debug|x86
		Release|x64 = Release|x64
		Release|x86 = Release|x86
	EndGlobalSection
	GlobalSection(ProjectConfigurationPlatforms) = postSolution
		{BB3013C0-4426-496B-B9A1-9AAA45126D9F}.Debug|x64.ActiveCfg = Debug|x64
		{BB3013C0-4426-496B-B9A1-9AAA45126D9F}.Debug|x64.Build.0 = Debug|x64
		{BB3013C0-4426-496B-B9A1-9AAA45126D9F}.Debug|x86.ActiveCfg = Debug|Win32
		{BB3013C0-4426-496B-B9A1-9AAA45126D9F}.Debug|x86.Build.0 = Debug|Win32
		{BB3013C0-4426-496B-B9A1-9AAA45126D9F}.Release|x64.ActiveCfg = Release|x64
		{BB3013C0-4426-496B-B9A1-9AAA45126D9F}.Release|x64.Build.0 = Release|x64
		{BB3013C0-4426-496B-B9A1-9AAA45126D9F}.Release|x86.ActiveCfg = Release|Win32
		{BB3013C0-4426-496B-B9A1-9AAA45126D9F}.Release|x86.Build.0 = Release|Win32
	EndGlobalSection
	GlobalSection(SolutionProperties) = preSolution
		HideSolutionNode = FALSE
	EndGlobalSection
	GlobalSection(ExtensibilityGlobals) = postSolution
		SolutionGuid = {154AA3DC-1615-4368-BD85-60981ADB6373}
	EndGlobalSection
EndGlobal
