
Microsoft Visual Studio Solution File, Format Version 12.00
# Visual Studio 15
VisualStudioVersion = 15.0.28307.1433
MinimumVisualStudioVersion = 10.0.40219.1
Project("{8BC9CEB8-8B4A-11D0-8D11-00A0C91BC942}") = "code_1", "code_1\code_1.vcxproj", "{C297D1E9-AAC0-464A-8CDC-E880043FD241}"
EndProject
Global
	GlobalSection(SolutionConfigurationPlatforms) = preSolution
		Debug|x64 = Debug|x64
		Debug|x86 = Debug|x86
		Release|x64 = Release|x64
		Release|x86 = Release|x86
	EndGlobalSection
	GlobalSection(ProjectConfigurationPlatforms) = postSolution
		{C297D1E9-AAC0-464A-8CDC-E880043FD241}.Debug|x64.ActiveCfg = Debug|x64
		{C297D1E9-AAC0-464A-8CDC-E880043FD241}.Debug|x64.Build.0 = Debug|x64
		{C297D1E9-AAC0-464A-8CDC-E880043FD241}.Debug|x86.ActiveCfg = Debug|Win32
		{C297D1E9-AAC0-464A-8CDC-E880043FD241}.Debug|x86.Build.0 = Debug|Win32
		{C297D1E9-AAC0-464A-8CDC-E880043FD241}.Release|x64.ActiveCfg = Release|x64
		{C297D1E9-AAC0-464A-8CDC-E880043FD241}.Release|x64.Build.0 = Release|x64
		{C297D1E9-AAC0-464A-8CDC-E880043FD241}.Release|x86.ActiveCfg = Release|Win32
		{C297D1E9-AAC0-464A-8CDC-E880043FD241}.Release|x86.Build.0 = Release|Win32
	EndGlobalSection
	GlobalSection(SolutionProperties) = preSolution
		HideSolutionNode = FALSE
	EndGlobalSection
	GlobalSection(ExtensibilityGlobals) = postSolution
		SolutionGuid = {EDC8EC90-8C98-4B15-A988-A4CBB0D09BAF}
	EndGlobalSection
EndGlobal
