
Microsoft Visual Studio Solution File, Format Version 12.00
# Visual Studio 15
VisualStudioVersion = 15.0.28307.1433
MinimumVisualStudioVersion = 10.0.40219.1
Project("{8BC9CEB8-8B4A-11D0-8D11-00A0C91BC942}") = "C_4_13", "C_4_13\C_4_13.vcxproj", "{CEB5C308-C5A4-453E-A61D-C982AE679506}"
EndProject
Global
	GlobalSection(SolutionConfigurationPlatforms) = preSolution
		Debug|x64 = Debug|x64
		Debug|x86 = Debug|x86
		Release|x64 = Release|x64
		Release|x86 = Release|x86
	EndGlobalSection
	GlobalSection(ProjectConfigurationPlatforms) = postSolution
		{CEB5C308-C5A4-453E-A61D-C982AE679506}.Debug|x64.ActiveCfg = Debug|x64
		{CEB5C308-C5A4-453E-A61D-C982AE679506}.Debug|x64.Build.0 = Debug|x64
		{CEB5C308-C5A4-453E-A61D-C982AE679506}.Debug|x86.ActiveCfg = Debug|Win32
		{CEB5C308-C5A4-453E-A61D-C982AE679506}.Debug|x86.Build.0 = Debug|Win32
		{CEB5C308-C5A4-453E-A61D-C982AE679506}.Release|x64.ActiveCfg = Release|x64
		{CEB5C308-C5A4-453E-A61D-C982AE679506}.Release|x64.Build.0 = Release|x64
		{CEB5C308-C5A4-453E-A61D-C982AE679506}.Release|x86.ActiveCfg = Release|Win32
		{CEB5C308-C5A4-453E-A61D-C982AE679506}.Release|x86.Build.0 = Release|Win32
	EndGlobalSection
	GlobalSection(SolutionProperties) = preSolution
		HideSolutionNode = FALSE
	EndGlobalSection
	GlobalSection(ExtensibilityGlobals) = postSolution
		SolutionGuid = {8A5D18D8-5FFB-41DB-AC2B-94F97988AE02}
	EndGlobalSection
EndGlobal
