
Microsoft Visual Studio Solution File, Format Version 12.00
# Visual Studio 15
VisualStudioVersion = 15.0.28307.1433
MinimumVisualStudioVersion = 10.0.40219.1
Project("{8BC9CEB8-8B4A-11D0-8D11-00A0C91BC942}") = "code_1", "code_1\code_1.vcxproj", "{94382DAC-7C38-4227-AB8E-C64C3245D5C0}"
EndProject
Global
	GlobalSection(SolutionConfigurationPlatforms) = preSolution
		Debug|x64 = Debug|x64
		Debug|x86 = Debug|x86
		Release|x64 = Release|x64
		Release|x86 = Release|x86
	EndGlobalSection
	GlobalSection(ProjectConfigurationPlatforms) = postSolution
		{94382DAC-7C38-4227-AB8E-C64C3245D5C0}.Debug|x64.ActiveCfg = Debug|x64
		{94382DAC-7C38-4227-AB8E-C64C3245D5C0}.Debug|x64.Build.0 = Debug|x64
		{94382DAC-7C38-4227-AB8E-C64C3245D5C0}.Debug|x86.ActiveCfg = Debug|Win32
		{94382DAC-7C38-4227-AB8E-C64C3245D5C0}.Debug|x86.Build.0 = Debug|Win32
		{94382DAC-7C38-4227-AB8E-C64C3245D5C0}.Release|x64.ActiveCfg = Release|x64
		{94382DAC-7C38-4227-AB8E-C64C3245D5C0}.Release|x64.Build.0 = Release|x64
		{94382DAC-7C38-4227-AB8E-C64C3245D5C0}.Release|x86.ActiveCfg = Release|Win32
		{94382DAC-7C38-4227-AB8E-C64C3245D5C0}.Release|x86.Build.0 = Release|Win32
	EndGlobalSection
	GlobalSection(SolutionProperties) = preSolution
		HideSolutionNode = FALSE
	EndGlobalSection
	GlobalSection(ExtensibilityGlobals) = postSolution
		SolutionGuid = {920724B2-4B30-4857-A70B-265E9A3E6F22}
	EndGlobalSection
EndGlobal
